// !$*UTF8*$!
{
	archiveVersion = 1;
	classes = {
	};
	objectVersion = 50;
	objects = {

/* Begin PBXBuildFile section */
		A1289A12227A848000FD6148 /* SkillsViewController.swift in Sources */ = {isa = PBXBuildFile; fileRef = A1289A11227A848000FD6148 /* SkillsViewController.swift */; };
		A1289A14227A84C600FD6148 /* SkillsPresenter.swift in Sources */ = {isa = PBXBuildFile; fileRef = A1289A13227A84C600FD6148 /* SkillsPresenter.swift */; };
		A1289A16227A84DA00FD6148 /* Skills.swift in Sources */ = {isa = PBXBuildFile; fileRef = A1289A15227A84DA00FD6148 /* Skills.swift */; };
		A1289A1B227AACE900FD6148 /* ContactInfoViewController.swift in Sources */ = {isa = PBXBuildFile; fileRef = A1289A1A227AACE900FD6148 /* ContactInfoViewController.swift */; };
		A1289A1D227AACF700FD6148 /* ContactInfoPresenter.swift in Sources */ = {isa = PBXBuildFile; fileRef = A1289A1C227AACF700FD6148 /* ContactInfoPresenter.swift */; };
		A1289A1F227AAD0300FD6148 /* ContactInfo.swift in Sources */ = {isa = PBXBuildFile; fileRef = A1289A1E227AAD0300FD6148 /* ContactInfo.swift */; };
		A1C53B2E227940AE00991E71 /* SummaryPresenter.swift in Sources */ = {isa = PBXBuildFile; fileRef = A1C53B2D227940AE00991E71 /* SummaryPresenter.swift */; };
		A1C53B30227942F100991E71 /* Summary.swift in Sources */ = {isa = PBXBuildFile; fileRef = A1C53B2F227942F100991E71 /* Summary.swift */; };
		A1C53B32227944E100991E71 /* ApiService.swift in Sources */ = {isa = PBXBuildFile; fileRef = A1C53B31227944E100991E71 /* ApiService.swift */; };
		A1C53B34227947B900991E71 /* Errors.swift in Sources */ = {isa = PBXBuildFile; fileRef = A1C53B33227947B900991E71 /* Errors.swift */; };
		A1C53B372279615D00991E71 /* WorkExperienceViewController.swift in Sources */ = {isa = PBXBuildFile; fileRef = A1C53B362279615D00991E71 /* WorkExperienceViewController.swift */; };
		A1C53B392279616B00991E71 /* WorkExperiencePresenter.swift in Sources */ = {isa = PBXBuildFile; fileRef = A1C53B382279616B00991E71 /* WorkExperiencePresenter.swift */; };
		A1C53B3B2279621E00991E71 /* Work.swift in Sources */ = {isa = PBXBuildFile; fileRef = A1C53B3A2279621E00991E71 /* Work.swift */; };
		A1C53B3D2279692500991E71 /* WorkCell.swift in Sources */ = {isa = PBXBuildFile; fileRef = A1C53B3C2279692500991E71 /* WorkCell.swift */; };
		A1C53B412279739000991E71 /* ExperienceDetailController.swift in Sources */ = {isa = PBXBuildFile; fileRef = A1C53B402279739000991E71 /* ExperienceDetailController.swift */; };
		A1C53B4322797C4800991E71 /* RoundableButton.swift in Sources */ = {isa = PBXBuildFile; fileRef = A1C53B4222797C4800991E71 /* RoundableButton.swift */; };
		DE1F09F12278E0540074C73D /* AppDelegate.swift in Sources */ = {isa = PBXBuildFile; fileRef = DE1F09F02278E0540074C73D /* AppDelegate.swift */; };
		DE1F09F32278E0540074C73D /* SummaryViewController.swift in Sources */ = {isa = PBXBuildFile; fileRef = DE1F09F22278E0540074C73D /* SummaryViewController.swift */; };
		DE1F09F62278E0540074C73D /* Main.storyboard in Resources */ = {isa = PBXBuildFile; fileRef = DE1F09F42278E0540074C73D /* Main.storyboard */; };
		DE1F09F92278E0540074C73D /* ResumeApp.xcdatamodeld in Sources */ = {isa = PBXBuildFile; fileRef = DE1F09F72278E0540074C73D /* ResumeApp.xcdatamodeld */; };
		DE1F09FB2278E0550074C73D /* Assets.xcassets in Resources */ = {isa = PBXBuildFile; fileRef = DE1F09FA2278E0550074C73D /* Assets.xcassets */; };
		DE1F09FE2278E0550074C73D /* LaunchScreen.storyboard in Resources */ = {isa = PBXBuildFile; fileRef = DE1F09FC2278E0550074C73D /* LaunchScreen.storyboard */; };
		DE1F0A092278E0560074C73D /* ResumeAppTests.swift in Sources */ = {isa = PBXBuildFile; fileRef = DE1F0A082278E0560074C73D /* ResumeAppTests.swift */; };
		DE1F0A142278E0560074C73D /* ResumeAppUITests.swift in Sources */ = {isa = PBXBuildFile; fileRef = DE1F0A132278E0560074C73D /* ResumeAppUITests.swift */; };
		DE1F0A232278E2B60074C73D /* GradientTabBar.swift in Sources */ = {isa = PBXBuildFile; fileRef = DE1F0A222278E2B60074C73D /* GradientTabBar.swift */; };
/* End PBXBuildFile section */

/* Begin PBXContainerItemProxy section */
		DE1F0A052278E0560074C73D /* PBXContainerItemProxy */ = {
			isa = PBXContainerItemProxy;
			containerPortal = DE1F09E52278E0540074C73D /* Project object */;
			proxyType = 1;
			remoteGlobalIDString = DE1F09EC2278E0540074C73D;
			remoteInfo = ResumeApp;
		};
		DE1F0A102278E0560074C73D /* PBXContainerItemProxy */ = {
			isa = PBXContainerItemProxy;
			containerPortal = DE1F09E52278E0540074C73D /* Project object */;
			proxyType = 1;
			remoteGlobalIDString = DE1F09EC2278E0540074C73D;
			remoteInfo = ResumeApp;
		};
/* End PBXContainerItemProxy section */

/* Begin PBXFileReference section */
		A1289A11227A848000FD6148 /* SkillsViewController.swift */ = {isa = PBXFileReference; lastKnownFileType = sourcecode.swift; path = SkillsViewController.swift; sourceTree = "<group>"; };
		A1289A13227A84C600FD6148 /* SkillsPresenter.swift */ = {isa = PBXFileReference; lastKnownFileType = sourcecode.swift; path = SkillsPresenter.swift; sourceTree = "<group>"; };
		A1289A15227A84DA00FD6148 /* Skills.swift */ = {isa = PBXFileReference; lastKnownFileType = sourcecode.swift; path = Skills.swift; sourceTree = "<group>"; };
		A1289A1A227AACE900FD6148 /* ContactInfoViewController.swift */ = {isa = PBXFileReference; lastKnownFileType = sourcecode.swift; path = ContactInfoViewController.swift; sourceTree = "<group>"; };
		A1289A1C227AACF700FD6148 /* ContactInfoPresenter.swift */ = {isa = PBXFileReference; lastKnownFileType = sourcecode.swift; path = ContactInfoPresenter.swift; sourceTree = "<group>"; };
		A1289A1E227AAD0300FD6148 /* ContactInfo.swift */ = {isa = PBXFileReference; lastKnownFileType = sourcecode.swift; path = ContactInfo.swift; sourceTree = "<group>"; };
		A1C53B2D227940AE00991E71 /* SummaryPresenter.swift */ = {isa = PBXFileReference; lastKnownFileType = sourcecode.swift; path = SummaryPresenter.swift; sourceTree = "<group>"; };
		A1C53B2F227942F100991E71 /* Summary.swift */ = {isa = PBXFileReference; lastKnownFileType = sourcecode.swift; path = Summary.swift; sourceTree = "<group>"; };
		A1C53B31227944E100991E71 /* ApiService.swift */ = {isa = PBXFileReference; lastKnownFileType = sourcecode.swift; path = ApiService.swift; sourceTree = "<group>"; };
		A1C53B33227947B900991E71 /* Errors.swift */ = {isa = PBXFileReference; lastKnownFileType = sourcecode.swift; path = Errors.swift; sourceTree = "<group>"; };
		A1C53B362279615D00991E71 /* WorkExperienceViewController.swift */ = {isa = PBXFileReference; lastKnownFileType = sourcecode.swift; path = WorkExperienceViewController.swift; sourceTree = "<group>"; };
		A1C53B382279616B00991E71 /* WorkExperiencePresenter.swift */ = {isa = PBXFileReference; lastKnownFileType = sourcecode.swift; path = WorkExperiencePresenter.swift; sourceTree = "<group>"; };
		A1C53B3A2279621E00991E71 /* Work.swift */ = {isa = PBXFileReference; lastKnownFileType = sourcecode.swift; path = Work.swift; sourceTree = "<group>"; };
		A1C53B3C2279692500991E71 /* WorkCell.swift */ = {isa = PBXFileReference; lastKnownFileType = sourcecode.swift; path = WorkCell.swift; sourceTree = "<group>"; };
		A1C53B402279739000991E71 /* ExperienceDetailController.swift */ = {isa = PBXFileReference; lastKnownFileType = sourcecode.swift; path = ExperienceDetailController.swift; sourceTree = "<group>"; };
		A1C53B4222797C4800991E71 /* RoundableButton.swift */ = {isa = PBXFileReference; lastKnownFileType = sourcecode.swift; path = RoundableButton.swift; sourceTree = "<group>"; };
		DE1F09ED2278E0540074C73D /* ResumeApp.app */ = {isa = PBXFileReference; explicitFileType = wrapper.application; includeInIndex = 0; path = ResumeApp.app; sourceTree = BUILT_PRODUCTS_DIR; };
		DE1F09F02278E0540074C73D /* AppDelegate.swift */ = {isa = PBXFileReference; lastKnownFileType = sourcecode.swift; path = AppDelegate.swift; sourceTree = "<group>"; };
		DE1F09F22278E0540074C73D /* SummaryViewController.swift */ = {isa = PBXFileReference; lastKnownFileType = sourcecode.swift; path = SummaryViewController.swift; sourceTree = "<group>"; };
		DE1F09F52278E0540074C73D /* Base */ = {isa = PBXFileReference; lastKnownFileType = file.storyboard; name = Base; path = Base.lproj/Main.storyboard; sourceTree = "<group>"; };
		DE1F09F82278E0540074C73D /* ResumeApp.xcdatamodel */ = {isa = PBXFileReference; lastKnownFileType = wrapper.xcdatamodel; path = ResumeApp.xcdatamodel; sourceTree = "<group>"; };
		DE1F09FA2278E0550074C73D /* Assets.xcassets */ = {isa = PBXFileReference; lastKnownFileType = folder.assetcatalog; path = Assets.xcassets; sourceTree = "<group>"; };
		DE1F09FD2278E0550074C73D /* Base */ = {isa = PBXFileReference; lastKnownFileType = file.storyboard; name = Base; path = Base.lproj/LaunchScreen.storyboard; sourceTree = "<group>"; };
		DE1F09FF2278E0550074C73D /* Info.plist */ = {isa = PBXFileReference; lastKnownFileType = text.plist.xml; path = Info.plist; sourceTree = "<group>"; };
		DE1F0A042278E0560074C73D /* ResumeAppTests.xctest */ = {isa = PBXFileReference; explicitFileType = wrapper.cfbundle; includeInIndex = 0; path = ResumeAppTests.xctest; sourceTree = BUILT_PRODUCTS_DIR; };
		DE1F0A082278E0560074C73D /* ResumeAppTests.swift */ = {isa = PBXFileReference; lastKnownFileType = sourcecode.swift; path = ResumeAppTests.swift; sourceTree = "<group>"; };
		DE1F0A0A2278E0560074C73D /* Info.plist */ = {isa = PBXFileReference; lastKnownFileType = text.plist.xml; path = Info.plist; sourceTree = "<group>"; };
		DE1F0A0F2278E0560074C73D /* ResumeAppUITests.xctest */ = {isa = PBXFileReference; explicitFileType = wrapper.cfbundle; includeInIndex = 0; path = ResumeAppUITests.xctest; sourceTree = BUILT_PRODUCTS_DIR; };
		DE1F0A132278E0560074C73D /* ResumeAppUITests.swift */ = {isa = PBXFileReference; lastKnownFileType = sourcecode.swift; path = ResumeAppUITests.swift; sourceTree = "<group>"; };
		DE1F0A152278E0560074C73D /* Info.plist */ = {isa = PBXFileReference; lastKnownFileType = text.plist.xml; path = Info.plist; sourceTree = "<group>"; };
		DE1F0A222278E2B60074C73D /* GradientTabBar.swift */ = {isa = PBXFileReference; lastKnownFileType = sourcecode.swift; path = GradientTabBar.swift; sourceTree = "<group>"; };
/* End PBXFileReference section */

/* Begin PBXFrameworksBuildPhase section */
		DE1F09EA2278E0540074C73D /* Frameworks */ = {
			isa = PBXFrameworksBuildPhase;
			buildActionMask = 2147483647;
			files = (
			);
			runOnlyForDeploymentPostprocessing = 0;
		};
		DE1F0A012278E0560074C73D /* Frameworks */ = {
			isa = PBXFrameworksBuildPhase;
			buildActionMask = 2147483647;
			files = (
			);
			runOnlyForDeploymentPostprocessing = 0;
		};
		DE1F0A0C2278E0560074C73D /* Frameworks */ = {
			isa = PBXFrameworksBuildPhase;
			buildActionMask = 2147483647;
			files = (
			);
			runOnlyForDeploymentPostprocessing = 0;
		};
/* End PBXFrameworksBuildPhase section */

/* Begin PBXGroup section */
		A1289A10227A846500FD6148 /* Skills */ = {
			isa = PBXGroup;
			children = (
				A1289A11227A848000FD6148 /* SkillsViewController.swift */,
				A1289A13227A84C600FD6148 /* SkillsPresenter.swift */,
				A1289A15227A84DA00FD6148 /* Skills.swift */,
			);
			path = Skills;
			sourceTree = "<group>";
		};
		A1289A19227AACD900FD6148 /* ContactInfo */ = {
			isa = PBXGroup;
			children = (
				A1289A1A227AACE900FD6148 /* ContactInfoViewController.swift */,
				A1289A1C227AACF700FD6148 /* ContactInfoPresenter.swift */,
				A1289A1E227AAD0300FD6148 /* ContactInfo.swift */,
			);
			path = ContactInfo;
			sourceTree = "<group>";
		};
		A1C53B2C22793FA900991E71 /* Summary */ = {
			isa = PBXGroup;
			children = (
				DE1F09F22278E0540074C73D /* SummaryViewController.swift */,
				A1C53B2D227940AE00991E71 /* SummaryPresenter.swift */,
				A1C53B2F227942F100991E71 /* Summary.swift */,
			);
			path = Summary;
			sourceTree = "<group>";
		};
		A1C53B352279610700991E71 /* WorkExperience */ = {
			isa = PBXGroup;
			children = (
				A1C53B362279615D00991E71 /* WorkExperienceViewController.swift */,
				A1C53B382279616B00991E71 /* WorkExperiencePresenter.swift */,
				A1C53B3A2279621E00991E71 /* Work.swift */,
				A1C53B3C2279692500991E71 /* WorkCell.swift */,
				A1C53B402279739000991E71 /* ExperienceDetailController.swift */,
			);
			path = WorkExperience;
			sourceTree = "<group>";
		};
		DE1F09E42278E0540074C73D = {
			isa = PBXGroup;
			children = (
				DE1F09EF2278E0540074C73D /* ResumeApp */,
				DE1F0A072278E0560074C73D /* ResumeAppTests */,
				DE1F0A122278E0560074C73D /* ResumeAppUITests */,
				DE1F09EE2278E0540074C73D /* Products */,
			);
			sourceTree = "<group>";
		};
		DE1F09EE2278E0540074C73D /* Products */ = {
			isa = PBXGroup;
			children = (
				DE1F09ED2278E0540074C73D /* ResumeApp.app */,
				DE1F0A042278E0560074C73D /* ResumeAppTests.xctest */,
				DE1F0A0F2278E0560074C73D /* ResumeAppUITests.xctest */,
			);
			name = Products;
			sourceTree = "<group>";
		};
		DE1F09EF2278E0540074C73D /* ResumeApp */ = {
			isa = PBXGroup;
			children = (
				A1289A19227AACD900FD6148 /* ContactInfo */,
				A1289A10227A846500FD6148 /* Skills */,
				A1C53B352279610700991E71 /* WorkExperience */,
				A1C53B2C22793FA900991E71 /* Summary */,
				DE1F0A212278E2A40074C73D /* Utils */,
				DE1F09F02278E0540074C73D /* AppDelegate.swift */,
				DE1F09F42278E0540074C73D /* Main.storyboard */,
				DE1F09FA2278E0550074C73D /* Assets.xcassets */,
				DE1F09FC2278E0550074C73D /* LaunchScreen.storyboard */,
				DE1F09FF2278E0550074C73D /* Info.plist */,
				DE1F09F72278E0540074C73D /* ResumeApp.xcdatamodeld */,
			);
			path = ResumeApp;
			sourceTree = "<group>";
		};
		DE1F0A072278E0560074C73D /* ResumeAppTests */ = {
			isa = PBXGroup;
			children = (
				DE1F0A082278E0560074C73D /* ResumeAppTests.swift */,
				DE1F0A0A2278E0560074C73D /* Info.plist */,
			);
			path = ResumeAppTests;
			sourceTree = "<group>";
		};
		DE1F0A122278E0560074C73D /* ResumeAppUITests */ = {
			isa = PBXGroup;
			children = (
				DE1F0A132278E0560074C73D /* ResumeAppUITests.swift */,
				DE1F0A152278E0560074C73D /* Info.plist */,
			);
			path = ResumeAppUITests;
			sourceTree = "<group>";
		};
		DE1F0A212278E2A40074C73D /* Utils */ = {
			isa = PBXGroup;
			children = (
				DE1F0A222278E2B60074C73D /* GradientTabBar.swift */,
				A1C53B31227944E100991E71 /* ApiService.swift */,
				A1C53B33227947B900991E71 /* Errors.swift */,
				A1C53B4222797C4800991E71 /* RoundableButton.swift */,
			);
			path = Utils;
			sourceTree = "<group>";
		};
/* End PBXGroup section */

/* Begin PBXNativeTarget section */
		DE1F09EC2278E0540074C73D /* ResumeApp */ = {
			isa = PBXNativeTarget;
			buildConfigurationList = DE1F0A182278E0560074C73D /* Build configuration list for PBXNativeTarget "ResumeApp" */;
			buildPhases = (
				DE1F09E92278E0540074C73D /* Sources */,
				DE1F09EA2278E0540074C73D /* Frameworks */,
				DE1F09EB2278E0540074C73D /* Resources */,
			);
			buildRules = (
			);
			dependencies = (
			);
			name = ResumeApp;
			productName = ResumeApp;
			productReference = DE1F09ED2278E0540074C73D /* ResumeApp.app */;
			productType = "com.apple.product-type.application";
		};
		DE1F0A032278E0560074C73D /* ResumeAppTests */ = {
			isa = PBXNativeTarget;
			buildConfigurationList = DE1F0A1B2278E0560074C73D /* Build configuration list for PBXNativeTarget "ResumeAppTests" */;
			buildPhases = (
				DE1F0A002278E0560074C73D /* Sources */,
				DE1F0A012278E0560074C73D /* Frameworks */,
				DE1F0A022278E0560074C73D /* Resources */,
			);
			buildRules = (
			);
			dependencies = (
				DE1F0A062278E0560074C73D /* PBXTargetDependency */,
			);
			name = ResumeAppTests;
			productName = ResumeAppTests;
			productReference = DE1F0A042278E0560074C73D /* ResumeAppTests.xctest */;
			productType = "com.apple.product-type.bundle.unit-test";
		};
		DE1F0A0E2278E0560074C73D /* ResumeAppUITests */ = {
			isa = PBXNativeTarget;
			buildConfigurationList = DE1F0A1E2278E0560074C73D /* Build configuration list for PBXNativeTarget "ResumeAppUITests" */;
			buildPhases = (
				DE1F0A0B2278E0560074C73D /* Sources */,
				DE1F0A0C2278E0560074C73D /* Frameworks */,
				DE1F0A0D2278E0560074C73D /* Resources */,
			);
			buildRules = (
			);
			dependencies = (
				DE1F0A112278E0560074C73D /* PBXTargetDependency */,
			);
			name = ResumeAppUITests;
			productName = ResumeAppUITests;
			productReference = DE1F0A0F2278E0560074C73D /* ResumeAppUITests.xctest */;
			productType = "com.apple.product-type.bundle.ui-testing";
		};
/* End PBXNativeTarget section */

/* Begin PBXProject section */
		DE1F09E52278E0540074C73D /* Project object */ = {
			isa = PBXProject;
			attributes = {
				LastSwiftUpdateCheck = 1020;
				LastUpgradeCheck = 1020;
				ORGANIZATIONNAME = "Jair Moreno Gaspar";
				TargetAttributes = {
					DE1F09EC2278E0540074C73D = {
						CreatedOnToolsVersion = 10.2.1;
					};
					DE1F0A032278E0560074C73D = {
						CreatedOnToolsVersion = 10.2.1;
						TestTargetID = DE1F09EC2278E0540074C73D;
					};
					DE1F0A0E2278E0560074C73D = {
						CreatedOnToolsVersion = 10.2.1;
						TestTargetID = DE1F09EC2278E0540074C73D;
					};
				};
			};
			buildConfigurationList = DE1F09E82278E0540074C73D /* Build configuration list for PBXProject "ResumeApp" */;
			compatibilityVersion = "Xcode 9.3";
			developmentRegion = en;
			hasScannedForEncodings = 0;
			knownRegions = (
				en,
				Base,
			);
			mainGroup = DE1F09E42278E0540074C73D;
			productRefGroup = DE1F09EE2278E0540074C73D /* Products */;
			projectDirPath = "";
			projectRoot = "";
			targets = (
				DE1F09EC2278E0540074C73D /* ResumeApp */,
				DE1F0A032278E0560074C73D /* ResumeAppTests */,
				DE1F0A0E2278E0560074C73D /* ResumeAppUITests */,
			);
		};
/* End PBXProject section */

/* Begin PBXResourcesBuildPhase section */
		DE1F09EB2278E0540074C73D /* Resources */ = {
			isa = PBXResourcesBuildPhase;
			buildActionMask = 2147483647;
			files = (
				DE1F09FE2278E0550074C73D /* LaunchScreen.storyboard in Resources */,
				DE1F09FB2278E0550074C73D /* Assets.xcassets in Resources */,
				DE1F09F62278E0540074C73D /* Main.storyboard in Resources */,
			);
			runOnlyForDeploymentPostprocessing = 0;
		};
		DE1F0A022278E0560074C73D /* Resources */ = {
			isa = PBXResourcesBuildPhase;
			buildActionMask = 2147483647;
			files = (
			);
			runOnlyForDeploymentPostprocessing = 0;
		};
		DE1F0A0D2278E0560074C73D /* Resources */ = {
			isa = PBXResourcesBuildPhase;
			buildActionMask = 2147483647;
			files = (
			);
			runOnlyForDeploymentPostprocessing = 0;
		};
/* End PBXResourcesBuildPhase section */

/* Begin PBXSourcesBuildPhase section */
		DE1F09E92278E0540074C73D /* Sources */ = {
			isa = PBXSourcesBuildPhase;
			buildActionMask = 2147483647;
			files = (
				DE1F09F32278E0540074C73D /* SummaryViewController.swift in Sources */,
				A1C53B2E227940AE00991E71 /* SummaryPresenter.swift in Sources */,
				A1289A1D227AACF700FD6148 /* ContactInfoPresenter.swift in Sources */,
				A1C53B3B2279621E00991E71 /* Work.swift in Sources */,
				A1289A16227A84DA00FD6148 /* Skills.swift in Sources */,
				DE1F0A232278E2B60074C73D /* GradientTabBar.swift in Sources */,
				A1C53B412279739000991E71 /* ExperienceDetailController.swift in Sources */,
				A1C53B3D2279692500991E71 /* WorkCell.swift in Sources */,
				A1C53B372279615D00991E71 /* WorkExperienceViewController.swift in Sources */,
				DE1F09F92278E0540074C73D /* ResumeApp.xcdatamodeld in Sources */,
				A1C53B4322797C4800991E71 /* RoundableButton.swift in Sources */,
				A1C53B34227947B900991E71 /* Errors.swift in Sources */,
				A1289A14227A84C600FD6148 /* SkillsPresenter.swift in Sources */,
				A1C53B30227942F100991E71 /* Summary.swift in Sources */,
				A1C53B392279616B00991E71 /* WorkExperiencePresenter.swift in Sources */,
				A1C53B32227944E100991E71 /* ApiService.swift in Sources */,
				A1289A1F227AAD0300FD6148 /* ContactInfo.swift in Sources */,
				A1289A12227A848000FD6148 /* SkillsViewController.swift in Sources */,
				DE1F09F12278E0540074C73D /* AppDelegate.swift in Sources */,
				A1289A1B227AACE900FD6148 /* ContactInfoViewController.swift in Sources */,
			);
			runOnlyForDeploymentPostprocessing = 0;
		};
		DE1F0A002278E0560074C73D /* Sources */ = {
			isa = PBXSourcesBuildPhase;
			buildActionMask = 2147483647;
			files = (
				DE1F0A092278E0560074C73D /* ResumeAppTests.swift in Sources */,
			);
			runOnlyForDeploymentPostprocessing = 0;
		};
		DE1F0A0B2278E0560074C73D /* Sources */ = {
			isa = PBXSourcesBuildPhase;
			buildActionMask = 2147483647;
			files = (
				DE1F0A142278E0560074C73D /* ResumeAppUITests.swift in Sources */,
			);
			runOnlyForDeploymentPostprocessing = 0;
		};
/* End PBXSourcesBuildPhase section */

/* Begin PBXTargetDependency section */
		DE1F0A062278E0560074C73D /* PBXTargetDependency */ = {
			isa = PBXTargetDependency;
			target = DE1F09EC2278E0540074C73D /* ResumeApp */;
			targetProxy = DE1F0A052278E0560074C73D /* PBXContainerItemProxy */;
		};
		DE1F0A112278E0560074C73D /* PBXTargetDependency */ = {
			isa = PBXTargetDependency;
			target = DE1F09EC2278E0540074C73D /* ResumeApp */;
			targetProxy = DE1F0A102278E0560074C73D /* PBXContainerItemProxy */;
		};
/* End PBXTargetDependency section */

/* Begin PBXVariantGroup section */
		DE1F09F42278E0540074C73D /* Main.storyboard */ = {
			isa = PBXVariantGroup;
			children = (
				DE1F09F52278E0540074C73D /* Base */,
			);
			name = Main.storyboard;
			sourceTree = "<group>";
		};
		DE1F09FC2278E0550074C73D /* LaunchScreen.storyboard */ = {
			isa = PBXVariantGroup;
			children = (
				DE1F09FD2278E0550074C73D /* Base */,
			);
			name = LaunchScreen.storyboard;
			sourceTree = "<group>";
		};
/* End PBXVariantGroup section */

/* Begin XCBuildConfiguration section */
		DE1F0A162278E0560074C73D /* Debug */ = {
			isa = XCBuildConfiguration;
			buildSettings = {
				ALWAYS_SEARCH_USER_PATHS = NO;
				CLANG_ANALYZER_NONNULL = YES;
				CLANG_ANALYZER_NUMBER_OBJECT_CONVERSION = YES_AGGRESSIVE;
				CLANG_CXX_LANGUAGE_STANDARD = "gnu++14";
				CLANG_CXX_LIBRARY = "libc++";
				CLANG_ENABLE_MODULES = YES;
				CLANG_ENABLE_OBJC_ARC = YES;
				CLANG_ENABLE_OBJC_WEAK = YES;
				CLANG_WARN_BLOCK_CAPTURE_AUTORELEASING = YES;
				CLANG_WARN_BOOL_CONVERSION = YES;
				CLANG_WARN_COMMA = YES;
				CLANG_WARN_CONSTANT_CONVERSION = YES;
				CLANG_WARN_DEPRECATED_OBJC_IMPLEMENTATIONS = YES;
				CLANG_WARN_DIRECT_OBJC_ISA_USAGE = YES_ERROR;
				CLANG_WARN_DOCUMENTATION_COMMENTS = YES;
				CLANG_WARN_EMPTY_BODY = YES;
				CLANG_WARN_ENUM_CONVERSION = YES;
				CLANG_WARN_INFINITE_RECURSION = YES;
				CLANG_WARN_INT_CONVERSION = YES;
				CLANG_WARN_NON_LITERAL_NULL_CONVERSION = YES;
				CLANG_WARN_OBJC_IMPLICIT_RETAIN_SELF = YES;
				CLANG_WARN_OBJC_LITERAL_CONVERSION = YES;
				CLANG_WARN_OBJC_ROOT_CLASS = YES_ERROR;
				CLANG_WARN_RANGE_LOOP_ANALYSIS = YES;
				CLANG_WARN_STRICT_PROTOTYPES = YES;
				CLANG_WARN_SUSPICIOUS_MOVE = YES;
				CLANG_WARN_UNGUARDED_AVAILABILITY = YES_AGGRESSIVE;
				CLANG_WARN_UNREACHABLE_CODE = YES;
				CLANG_WARN__DUPLICATE_METHOD_MATCH = YES;
				CODE_SIGN_IDENTITY = "iPhone Developer";
				COPY_PHASE_STRIP = NO;
				DEBUG_INFORMATION_FORMAT = dwarf;
				ENABLE_STRICT_OBJC_MSGSEND = YES;
				ENABLE_TESTABILITY = YES;
				GCC_C_LANGUAGE_STANDARD = gnu11;
				GCC_DYNAMIC_NO_PIC = NO;
				GCC_NO_COMMON_BLOCKS = YES;
				GCC_OPTIMIZATION_LEVEL = 0;
				GCC_PREPROCESSOR_DEFINITIONS = (
					"DEBUG=1",
					"$(inherited)",
				);
				GCC_WARN_64_TO_32_BIT_CONVERSION = YES;
				GCC_WARN_ABOUT_RETURN_TYPE = YES_ERROR;
				GCC_WARN_UNDECLARED_SELECTOR = YES;
				GCC_WARN_UNINITIALIZED_AUTOS = YES_AGGRESSIVE;
				GCC_WARN_UNUSED_FUNCTION = YES;
				GCC_WARN_UNUSED_VARIABLE = YES;
				IPHONEOS_DEPLOYMENT_TARGET = 12.2;
				MTL_ENABLE_DEBUG_INFO = INCLUDE_SOURCE;
				MTL_FAST_MATH = YES;
				ONLY_ACTIVE_ARCH = YES;
				SDKROOT = iphoneos;
				SWIFT_ACTIVE_COMPILATION_CONDITIONS = DEBUG;
				SWIFT_OPTIMIZATION_LEVEL = "-Onone";
			};
			name = Debug;
		};
		DE1F0A172278E0560074C73D /* Release */ = {
			isa = XCBuildConfiguration;
			buildSettings = {
				ALWAYS_SEARCH_USER_PATHS = NO;
				CLANG_ANALYZER_NONNULL = YES;
				CLANG_ANALYZER_NUMBER_OBJECT_CONVERSION = YES_AGGRESSIVE;
				CLANG_CXX_LANGUAGE_STANDARD = "gnu++14";
				CLANG_CXX_LIBRARY = "libc++";
				CLANG_ENABLE_MODULES = YES;
				CLANG_ENABLE_OBJC_ARC = YES;
				CLANG_ENABLE_OBJC_WEAK = YES;
				CLANG_WARN_BLOCK_CAPTURE_AUTORELEASING = YES;
				CLANG_WARN_BOOL_CONVERSION = YES;
				CLANG_WARN_COMMA = YES;
				CLANG_WARN_CONSTANT_CONVERSION = YES;
				CLANG_WARN_DEPRECATED_OBJC_IMPLEMENTATIONS = YES;
				CLANG_WARN_DIRECT_OBJC_ISA_USAGE = YES_ERROR;
				CLANG_WARN_DOCUMENTATION_COMMENTS = YES;
				CLANG_WARN_EMPTY_BODY = YES;
				CLANG_WARN_ENUM_CONVERSION = YES;
				CLANG_WARN_INFINITE_RECURSION = YES;
				CLANG_WARN_INT_CONVERSION = YES;
				CLANG_WARN_NON_LITERAL_NULL_CONVERSION = YES;
				CLANG_WARN_OBJC_IMPLICIT_RETAIN_SELF = YES;
				CLANG_WARN_OBJC_LITERAL_CONVERSION = YES;
				CLANG_WARN_OBJC_ROOT_CLASS = YES_ERROR;
				CLANG_WARN_RANGE_LOOP_ANALYSIS = YES;
				CLANG_WARN_STRICT_PROTOTYPES = YES;
				CLANG_WARN_SUSPICIOUS_MOVE = YES;
				CLANG_WARN_UNGUARDED_AVAILABILITY = YES_AGGRESSIVE;
				CLANG_WARN_UNREACHABLE_CODE = YES;
				CLANG_WARN__DUPLICATE_METHOD_MATCH = YES;
				CODE_SIGN_IDENTITY = "iPhone Developer";
				COPY_PHASE_STRIP = NO;
				DEBUG_INFORMATION_FORMAT = "dwarf-with-dsym";
				ENABLE_NS_ASSERTIONS = NO;
				ENABLE_STRICT_OBJC_MSGSEND = YES;
				GCC_C_LANGUAGE_STANDARD = gnu11;
				GCC_NO_COMMON_BLOCKS = YES;
				GCC_WARN_64_TO_32_BIT_CONVERSION = YES;
				GCC_WARN_ABOUT_RETURN_TYPE = YES_ERROR;
				GCC_WARN_UNDECLARED_SELECTOR = YES;
				GCC_WARN_UNINITIALIZED_AUTOS = YES_AGGRESSIVE;
				GCC_WARN_UNUSED_FUNCTION = YES;
				GCC_WARN_UNUSED_VARIABLE = YES;
				IPHONEOS_DEPLOYMENT_TARGET = 12.2;
				MTL_ENABLE_DEBUG_INFO = NO;
				MTL_FAST_MATH = YES;
				SDKROOT = iphoneos;
				SWIFT_COMPILATION_MODE = wholemodule;
				SWIFT_OPTIMIZATION_LEVEL = "-O";
				VALIDATE_PRODUCT = YES;
			};
			name = Release;
		};
		DE1F0A192278E0560074C73D /* Debug */ = {
			isa = XCBuildConfiguration;
			buildSettings = {
				ASSETCATALOG_COMPILER_APPICON_NAME = AppIcon;
				CODE_SIGN_STYLE = Automatic;
				INFOPLIST_FILE = ResumeApp/Info.plist;
				LD_RUNPATH_SEARCH_PATHS = (
					"$(inherited)",
					"@executable_path/Frameworks",
				);
				PRODUCT_BUNDLE_IDENTIFIER = destinationTest.ResumeApp;
				PRODUCT_NAME = "$(TARGET_NAME)";
				SWIFT_VERSION = 5.0;
				TARGETED_DEVICE_FAMILY = "1,2";
			};
			name = Debug;
		};
		DE1F0A1A2278E0560074C73D /* Release */ = {
			isa = XCBuildConfiguration;
			buildSettings = {
				ASSETCATALOG_COMPILER_APPICON_NAME = AppIcon;
				CODE_SIGN_STYLE = Automatic;
				INFOPLIST_FILE = ResumeApp/Info.plist;
				LD_RUNPATH_SEARCH_PATHS = (
					"$(inherited)",
					"@executable_path/Frameworks",
				);
				PRODUCT_BUNDLE_IDENTIFIER = destinationTest.ResumeApp;
				PRODUCT_NAME = "$(TARGET_NAME)";
				SWIFT_VERSION = 5.0;
				TARGETED_DEVICE_FAMILY = "1,2";
			};
			name = Release;
		};
		DE1F0A1C2278E0560074C73D /* Debug */ = {
			isa = XCBuildConfiguration;
			buildSettings = {
				ALWAYS_EMBED_SWIFT_STANDARD_LIBRARIES = YES;
				BUNDLE_LOADER = "$(TEST_HOST)";
				CODE_SIGN_STYLE = Automatic;
				INFOPLIST_FILE = ResumeAppTests/Info.plist;
				LD_RUNPATH_SEARCH_PATHS = (
					"$(inherited)",
					"@executable_path/Frameworks",
					"@loader_path/Frameworks",
				);
				PRODUCT_BUNDLE_IDENTIFIER = destinationTest.ResumeAppTests;
				PRODUCT_NAME = "$(TARGET_NAME)";
				SWIFT_VERSION = 5.0;
				TARGETED_DEVICE_FAMILY = "1,2";
				TEST_HOST = "$(BUILT_PRODUCTS_DIR)/ResumeApp.app/ResumeApp";
			};
			name = Debug;
		};
		DE1F0A1D2278E0560074C73D /* Release */ = {
			isa = XCBuildConfiguration;
			buildSettings = {
				ALWAYS_EMBED_SWIFT_STANDARD_LIBRARIES = YES;
				BUNDLE_LOADER = "$(TEST_HOST)";
				CODE_SIGN_STYLE = Automatic;
				INFOPLIST_FILE = ResumeAppTests/Info.plist;
				LD_RUNPATH_SEARCH_PATHS = (
					"$(inherited)",
					"@executable_path/Frameworks",
					"@loader_path/Frameworks",
				);
				PRODUCT_BUNDLE_IDENTIFIER = destinationTest.ResumeAppTests;
				PRODUCT_NAME = "$(TARGET_NAME)";
				SWIFT_VERSION = 5.0;
				TARGETED_DEVICE_FAMILY = "1,2";
				TEST_HOST = "$(BUILT_PRODUCTS_DIR)/ResumeApp.app/ResumeApp";
			};
			name = Release;
		};
		DE1F0A1F2278E0560074C73D /* Debug */ = {
			isa = XCBuildConfiguration;
			buildSettings = {
				ALWAYS_EMBED_SWIFT_STANDARD_LIBRARIES = YES;
				CODE_SIGN_STYLE = Automatic;
				INFOPLIST_FILE = ResumeAppUITests/Info.plist;
				LD_RUNPATH_SEARCH_PATHS = (
					"$(inherited)",
					"@executable_path/Frameworks",
					"@loader_path/Frameworks",
				);
				PRODUCT_BUNDLE_IDENTIFIER = destinationTest.ResumeAppUITests;
				PRODUCT_NAME = "$(TARGET_NAME)";
				SWIFT_VERSION = 5.0;
				TARGETED_DEVICE_FAMILY = "1,2";
				TEST_TARGET_NAME = ResumeApp;
			};
			name = Debug;
		};
		DE1F0A202278E0560074C73D /* Release */ = {
			isa = XCBuildConfiguration;
			buildSettings = {
				ALWAYS_EMBED_SWIFT_STANDARD_LIBRARIES = YES;
				CODE_SIGN_STYLE = Automatic;
				INFOPLIST_FILE = ResumeAppUITests/Info.plist;
				LD_RUNPATH_SEARCH_PATHS = (
					"$(inherited)",
					"@executable_path/Frameworks",
					"@loader_path/Frameworks",
				);
				PRODUCT_BUNDLE_IDENTIFIER = destinationTest.ResumeAppUITests;
				PRODUCT_NAME = "$(TARGET_NAME)";
				SWIFT_VERSION = 5.0;
				TARGETED_DEVICE_FAMILY = "1,2";
				TEST_TARGET_NAME = ResumeApp;
			};
			name = Release;
		};
/* End XCBuildConfiguration section */

/* Begin XCConfigurationList section */
		DE1F09E82278E0540074C73D /* Build configuration list for PBXProject "ResumeApp" */ = {
			isa = XCConfigurationList;
			buildConfigurations = (
				DE1F0A162278E0560074C73D /* Debug */,
				DE1F0A172278E0560074C73D /* Release */,
			);
			defaultConfigurationIsVisible = 0;
			defaultConfigurationName = Release;
		};
		DE1F0A182278E0560074C73D /* Build configuration list for PBXNativeTarget "ResumeApp" */ = {
			isa = XCConfigurationList;
			buildConfigurations = (
				DE1F0A192278E0560074C73D /* Debug */,
				DE1F0A1A2278E0560074C73D /* Release */,
			);
			defaultConfigurationIsVisible = 0;
			defaultConfigurationName = Release;
		};
		DE1F0A1B2278E0560074C73D /* Build configuration list for PBXNativeTarget "ResumeAppTests" */ = {
			isa = XCConfigurationList;
			buildConfigurations = (
				DE1F0A1C2278E0560074C73D /* Debug */,
				DE1F0A1D2278E0560074C73D /* Release */,
			);
			defaultConfigurationIsVisible = 0;
			defaultConfigurationName = Release;
		};
		DE1F0A1E2278E0560074C73D /* Build configuration list for PBXNativeTarget "ResumeAppUITests" */ = {
			isa = XCConfigurationList;
			buildConfigurations = (
				DE1F0A1F2278E0560074C73D /* Debug */,
				DE1F0A202278E0560074C73D /* Release */,
			);
			defaultConfigurationIsVisible = 0;
			defaultConfigurationName = Release;
		};
/* End XCConfigurationList section */

/* Begin XCVersionGroup section */
		DE1F09F72278E0540074C73D /* ResumeApp.xcdatamodeld */ = {
			isa = XCVersionGroup;
			children = (
				DE1F09F82278E0540074C73D /* ResumeApp.xcdatamodel */,
			);
			currentVersion = DE1F09F82278E0540074C73D /* ResumeApp.xcdatamodel */;
			path = ResumeApp.xcdatamodeld;
			sourceTree = "<group>";
			versionGroupType = wrapper.xcdatamodel;
		};
/* End XCVersionGroup section */
	};
	rootObject = DE1F09E52278E0540074C73D /* Project object */;
}
